<?xml version="1.0" encoding="utf-8"?>
<Project ToolsVersion="4.0" xmlns="http://schemas.microsoft.com/developer/msbuild/2003">
  <ItemGroup>
    <Filter Include="core">
      <UniqueIdentifier>{4E40957C-3A77-960D-E363-7C10CF79120F}</UniqueIdentifier>
    </Filter>
    <Filter Include="core\include">
      <UniqueIdentifier>{C1D54CD6-AD38-DC7A-56BE-14314200A8FD}</UniqueIdentifier>
    </Filter>
  </ItemGroup>
  <ItemGroup>
    <ClInclude Include="src\WolfRenderer.h" />
    <ClInclude Include="src\core\include\Application.h">
      <Filter>core\include</Filter>
    </ClInclude>
    <ClInclude Include="src\core\include\EntryPoint.h">
      <Filter>core\include</Filter>
    </ClInclude>
    <ClInclude Include="src\core\include\Log.h">
      <Filter>core\include</Filter>
    </ClInclude>
    <ClInclude Include="src\core\include\core.h">
      <Filter>core\include</Filter>
    </ClInclude>
  </ItemGroup>
  <ItemGroup>
    <ClCompile Include="src\core\Application.cpp">
      <Filter>core</Filter>
    </ClCompile>
    <ClCompile Include="src\core\Log.cpp">
      <Filter>core</Filter>
    </ClCompile>
  </ItemGroup>
</Project>