<?xml version="1.0" encoding="utf-8"?>
<Project ToolsVersion="4.0" xmlns="http://schemas.microsoft.com/developer/msbuild/2003">
  <ItemGroup>
    <Filter Include="core">
      <UniqueIdentifier>{4E40957C-3A77-960D-E363-7C10CF79120F}</UniqueIdentifier>
    </Filter>
    <Filter Include="core\src">
      <UniqueIdentifier>{6575D44A-5142-2F56-7A5B-1DFE668764E4}</UniqueIdentifier>
    </Filter>
    <Filter Include="events">
      <UniqueIdentifier>{5A9D08FC-463F-33D2-2FFA-46261B3BBA22}</UniqueIdentifier>
    </Filter>
    <Filter Include="events\src">
      <UniqueIdentifier>{717887DF-5D30-C92C-C637-A288B20E641D}</UniqueIdentifier>
    </Filter>
    <Filter Include="platform">
      <UniqueIdentifier>{4A63C33C-3630-1E48-5F49-0CF04B7553D6}</UniqueIdentifier>
    </Filter>
    <Filter Include="platform\Windows">
      <UniqueIdentifier>{84B77CA1-70B0-9BF3-99E2-8078853A7BFF}</UniqueIdentifier>
    </Filter>
    <Filter Include="renderer">
      <UniqueIdentifier>{9C6AA017-8837-FB22-B150-E9CA9D7C30B1}</UniqueIdentifier>
    </Filter>
    <Filter Include="renderer\Vulkan">
      <UniqueIdentifier>{9CF0F170-087C-5F35-118D-E2297D97BB35}</UniqueIdentifier>
    </Filter>
  </ItemGroup>
  <ItemGroup>
    <ClInclude Include="src\Window.h" />
    <ClInclude Include="src\WolfRenderer.h" />
    <ClInclude Include="src\core\Application.h">
      <Filter>core</Filter>
    </ClInclude>
    <ClInclude Include="src\core\EntryPoint.h">
      <Filter>core</Filter>
    </ClInclude>
    <ClInclude Include="src\core\Layer.h">
      <Filter>core</Filter>
    </ClInclude>
    <ClInclude Include="src\core\LayerStack.h">
      <Filter>core</Filter>
    </ClInclude>
    <ClInclude Include="src\core\Log.h">
      <Filter>core</Filter>
    </ClInclude>
    <ClInclude Include="src\core\core.h">
      <Filter>core</Filter>
    </ClInclude>
    <ClInclude Include="src\events\ApplicationEvent.h">
      <Filter>events</Filter>
    </ClInclude>
    <ClInclude Include="src\events\Event.h">
      <Filter>events</Filter>
    </ClInclude>
    <ClInclude Include="src\events\KeyEvent.h">
      <Filter>events</Filter>
    </ClInclude>
    <ClInclude Include="src\events\MouseEvent.h">
      <Filter>events</Filter>
    </ClInclude>
    <ClInclude Include="src\pch.h" />
    <ClInclude Include="src\platform\Windows\WindowsWindow.h">
      <Filter>platform\Windows</Filter>
    </ClInclude>
    <ClInclude Include="src\renderer\Vulkan\Vulkan.h">
      <Filter>renderer\Vulkan</Filter>
    </ClInclude>
    <ClInclude Include="src\events\VulkanEvent.h" />
    <ClInclude Include="src\renderer\Vulkan\v_Debugger\v_ValidationLayers.h" />
    <ClInclude Include="src\renderer\Vulkan\v_Debugger\v_Debugger.h" />
    <ClInclude Include="src\renderer\Vulkan\v_Devices\v_Devices.h" />
    <ClInclude Include="src\renderer\Vulkan\v_Devices\v_QueueFamilies\v_QueueFamilies.h" />
  </ItemGroup>
  <ItemGroup>
    <ClCompile Include="src\core\src\Application.cpp">
      <Filter>core\src</Filter>
    </ClCompile>
    <ClCompile Include="src\core\src\Layer.cpp">
      <Filter>core\src</Filter>
    </ClCompile>
    <ClCompile Include="src\core\src\LayerStack.cpp">
      <Filter>core\src</Filter>
    </ClCompile>
    <ClCompile Include="src\core\src\Log.cpp">
      <Filter>core\src</Filter>
    </ClCompile>
    <ClCompile Include="src\events\src\ApplicationEvent.cpp">
      <Filter>events\src</Filter>
    </ClCompile>
    <ClCompile Include="src\events\src\Event.cpp">
      <Filter>events\src</Filter>
    </ClCompile>
    <ClCompile Include="src\events\src\KeyEvent.cpp">
      <Filter>events\src</Filter>
    </ClCompile>
    <ClCompile Include="src\events\src\MouseEvent.cpp">
      <Filter>events\src</Filter>
    </ClCompile>
    <ClCompile Include="src\pch.cpp" />
    <ClCompile Include="src\platform\Windows\WindowsWindow.cpp">
      <Filter>platform\Windows</Filter>
    </ClCompile>
    <ClCompile Include="src\renderer\Vulkan\Vulkan.cpp">
      <Filter>renderer\Vulkan</Filter>
    </ClCompile>
    <ClCompile Include="src\events\src\VulkanEvent.cpp" />
    <ClCompile Include="src\renderer\Vulkan\v_Debugger\v_ValidationLayers.cpp" />
    <ClCompile Include="src\renderer\Vulkan\v_Debugger\v_Debugger.cpp" />
    <ClCompile Include="src\renderer\Vulkan\v_Devices\v_Devices.cpp" />
    <ClCompile Include="src\renderer\Vulkan\v_Devices\v_QueueFamilies\v_QueueFamilies.cpp" />
  </ItemGroup>
</Project>