<?xml version="1.0" encoding="utf-8"?>
<Project ToolsVersion="4.0" xmlns="http://schemas.microsoft.com/developer/msbuild/2003">
  <ItemGroup>
    <Filter Include="core">
      <UniqueIdentifier>{4E40957C-3A77-960D-E363-7C10CF79120F}</UniqueIdentifier>
    </Filter>
    <Filter Include="core\src">
      <UniqueIdentifier>{6575D44A-5142-2F56-7A5B-1DFE668764E4}</UniqueIdentifier>
    </Filter>
    <Filter Include="events">
      <UniqueIdentifier>{5A9D08FC-463F-33D2-2FFA-46261B3BBA22}</UniqueIdentifier>
    </Filter>
    <Filter Include="events\src">
      <UniqueIdentifier>{717887DF-5D30-C92C-C637-A288B20E641D}</UniqueIdentifier>
    </Filter>
    <Filter Include="platform">
      <UniqueIdentifier>{4A63C33C-3630-1E48-5F49-0CF04B7553D6}</UniqueIdentifier>
    </Filter>
    <Filter Include="platform\Windows">
      <UniqueIdentifier>{84B77CA1-70B0-9BF3-99E2-8078853A7BFF}</UniqueIdentifier>
    </Filter>
    <Filter Include="renderer">
      <UniqueIdentifier>{9C6AA017-8837-FB22-B150-E9CA9D7C30B1}</UniqueIdentifier>
    </Filter>
    <Filter Include="renderer\Vulkan">
      <UniqueIdentifier>{9CF0F170-087C-5F35-118D-E2297D97BB35}</UniqueIdentifier>
    </Filter>
    <Filter Include="renderer\Vulkan\v_Debugger">
      <UniqueIdentifier>{C5758AF4-B185-36C5-1A3F-9BE3066E255E}</UniqueIdentifier>
    </Filter>
    <Filter Include="renderer\Vulkan\v_Devices">
      <UniqueIdentifier>{43DBFAC2-AF9D-2E4D-F84D-BDD9644F072B}</UniqueIdentifier>
    </Filter>
    <Filter Include="renderer\Vulkan\v_Devices\v_CommandBuffer">
      <UniqueIdentifier>{C040DCA3-2C5B-3F45-757D-4FD9E1D6664C}</UniqueIdentifier>
    </Filter>
    <Filter Include="renderer\Vulkan\v_Devices\v_CommandPool">
      <UniqueIdentifier>{00627CF3-6CF1-3DDE-75ED-1EF6E1FB78EA}</UniqueIdentifier>
    </Filter>
    <Filter Include="renderer\Vulkan\v_Devices\v_Framebuffer">
      <UniqueIdentifier>{EC7D0733-580D-C91D-6109-AA35CD17042A}</UniqueIdentifier>
    </Filter>
    <Filter Include="renderer\Vulkan\v_Devices\v_ImageViews">
      <UniqueIdentifier>{780BE58B-645D-BC7B-4D7C-F98B396DD564}</UniqueIdentifier>
    </Filter>
    <Filter Include="renderer\Vulkan\v_Devices\v_QueueFamilies">
      <UniqueIdentifier>{B6A3637A-22BE-C61B-6BE0-D6AFD739EE22}</UniqueIdentifier>
    </Filter>
    <Filter Include="renderer\Vulkan\v_Devices\v_SwapChain">
      <UniqueIdentifier>{05E34CDE-71A7-4BCE-3A0D-7C98A690E703}</UniqueIdentifier>
    </Filter>
    <Filter Include="renderer\Vulkan\v_Devices\v_SyncObjects">
      <UniqueIdentifier>{0E397D26-7AC8-3E11-83C4-1F29EFD2791D}</UniqueIdentifier>
    </Filter>
    <Filter Include="renderer\Vulkan\v_Pipeline">
      <UniqueIdentifier>{96DB125B-82EB-BE2B-EBA4-234AD7D3ADC4}</UniqueIdentifier>
    </Filter>
    <Filter Include="renderer\Vulkan\v_Shaders">
      <UniqueIdentifier>{2A2E254B-96F0-58D5-DFA0-E7614BA231B3}</UniqueIdentifier>
    </Filter>
    <Filter Include="renderer\Vulkan\v_Surface">
      <UniqueIdentifier>{A9E4AC6A-15A7-E0F4-5E57-6F81CA58B9D2}</UniqueIdentifier>
    </Filter>
  </ItemGroup>
  <ItemGroup>
    <ClInclude Include="src\Window.h" />
    <ClInclude Include="src\WolfRenderer.h" />
    <ClInclude Include="src\core\Application.h">
      <Filter>core</Filter>
    </ClInclude>
    <ClInclude Include="src\core\EntryPoint.h">
      <Filter>core</Filter>
    </ClInclude>
    <ClInclude Include="src\core\Layer.h">
      <Filter>core</Filter>
    </ClInclude>
    <ClInclude Include="src\core\LayerStack.h">
      <Filter>core</Filter>
    </ClInclude>
    <ClInclude Include="src\core\Log.h">
      <Filter>core</Filter>
    </ClInclude>
    <ClInclude Include="src\core\core.h">
      <Filter>core</Filter>
    </ClInclude>
    <ClInclude Include="src\events\ApplicationEvent.h">
      <Filter>events</Filter>
    </ClInclude>
    <ClInclude Include="src\events\Event.h">
      <Filter>events</Filter>
    </ClInclude>
    <ClInclude Include="src\events\KeyEvent.h">
      <Filter>events</Filter>
    </ClInclude>
    <ClInclude Include="src\events\MouseEvent.h">
      <Filter>events</Filter>
    </ClInclude>
    <ClInclude Include="src\pch.h" />
    <ClInclude Include="src\platform\Windows\WindowsWindow.h">
      <Filter>platform\Windows</Filter>
    </ClInclude>
    <ClInclude Include="src\renderer\Vulkan\Vulkan.h">
      <Filter>renderer\Vulkan</Filter>
    </ClInclude>
    <ClInclude Include="src\renderer\Vulkan\v_Debugger\v_Debugger.h">
      <Filter>renderer\Vulkan\v_Debugger</Filter>
    </ClInclude>
    <ClInclude Include="src\renderer\Vulkan\v_Debugger\v_ValidationLayers.h">
      <Filter>renderer\Vulkan\v_Debugger</Filter>
    </ClInclude>
    <ClInclude Include="src\renderer\Vulkan\v_Devices\v_CommandBuffer\v_CommandBuffer.h">
      <Filter>renderer\Vulkan\v_Devices\v_CommandBuffer</Filter>
    </ClInclude>
    <ClInclude Include="src\renderer\Vulkan\v_Devices\v_CommandPool\v_CommandPool.h">
      <Filter>renderer\Vulkan\v_Devices\v_CommandPool</Filter>
    </ClInclude>
    <ClInclude Include="src\renderer\Vulkan\v_Devices\v_Devices.h">
      <Filter>renderer\Vulkan\v_Devices</Filter>
    </ClInclude>
    <ClInclude Include="src\renderer\Vulkan\v_Devices\v_Framebuffer\v_Framebuffer.h">
      <Filter>renderer\Vulkan\v_Devices\v_Framebuffer</Filter>
    </ClInclude>
    <ClInclude Include="src\renderer\Vulkan\v_Devices\v_ImageViews\v_ImageViews.h">
      <Filter>renderer\Vulkan\v_Devices\v_ImageViews</Filter>
    </ClInclude>
    <ClInclude Include="src\renderer\Vulkan\v_Devices\v_QueueFamilies\v_QueueFamilies.h">
      <Filter>renderer\Vulkan\v_Devices\v_QueueFamilies</Filter>
    </ClInclude>
    <ClInclude Include="src\renderer\Vulkan\v_Devices\v_SwapChain\v_SwapChain.h">
      <Filter>renderer\Vulkan\v_Devices\v_SwapChain</Filter>
    </ClInclude>
    <ClInclude Include="src\renderer\Vulkan\v_Devices\v_SyncObjects\v_SyncObjects.h">
      <Filter>renderer\Vulkan\v_Devices\v_SyncObjects</Filter>
    </ClInclude>
    <ClInclude Include="src\renderer\Vulkan\v_Globals.h">
      <Filter>renderer\Vulkan</Filter>
    </ClInclude>
    <ClInclude Include="src\renderer\Vulkan\v_Pipeline\v_Pipeline.h">
      <Filter>renderer\Vulkan\v_Pipeline</Filter>
    </ClInclude>
    <ClInclude Include="src\renderer\Vulkan\v_Shaders\v_Shaders.h">
      <Filter>renderer\Vulkan\v_Shaders</Filter>
    </ClInclude>
    <ClInclude Include="src\renderer\Vulkan\v_Surface\v_Surface.h">
      <Filter>renderer\Vulkan\v_Surface</Filter>
    </ClInclude>
  </ItemGroup>
  <ItemGroup>
    <ClCompile Include="src\core\src\Application.cpp">
      <Filter>core\src</Filter>
    </ClCompile>
    <ClCompile Include="src\core\src\Layer.cpp">
      <Filter>core\src</Filter>
    </ClCompile>
    <ClCompile Include="src\core\src\LayerStack.cpp">
      <Filter>core\src</Filter>
    </ClCompile>
    <ClCompile Include="src\core\src\Log.cpp">
      <Filter>core\src</Filter>
    </ClCompile>
    <ClCompile Include="src\events\src\ApplicationEvent.cpp">
      <Filter>events\src</Filter>
    </ClCompile>
    <ClCompile Include="src\events\src\Event.cpp">
      <Filter>events\src</Filter>
    </ClCompile>
    <ClCompile Include="src\events\src\KeyEvent.cpp">
      <Filter>events\src</Filter>
    </ClCompile>
    <ClCompile Include="src\events\src\MouseEvent.cpp">
      <Filter>events\src</Filter>
    </ClCompile>
    <ClCompile Include="src\pch.cpp" />
    <ClCompile Include="src\platform\Windows\WindowsWindow.cpp">
      <Filter>platform\Windows</Filter>
    </ClCompile>
    <ClCompile Include="src\renderer\Vulkan\Vulkan.cpp">
      <Filter>renderer\Vulkan</Filter>
    </ClCompile>
    <ClCompile Include="src\renderer\Vulkan\v_Debugger\v_Debugger.cpp">
      <Filter>renderer\Vulkan\v_Debugger</Filter>
    </ClCompile>
    <ClCompile Include="src\renderer\Vulkan\v_Debugger\v_ValidationLayers.cpp">
      <Filter>renderer\Vulkan\v_Debugger</Filter>
    </ClCompile>
    <ClCompile Include="src\renderer\Vulkan\v_Devices\v_CommandBuffer\v_CommandBuffer.cpp">
      <Filter>renderer\Vulkan\v_Devices\v_CommandBuffer</Filter>
    </ClCompile>
    <ClCompile Include="src\renderer\Vulkan\v_Devices\v_CommandPool\v_CommandPool.cpp">
      <Filter>renderer\Vulkan\v_Devices\v_CommandPool</Filter>
    </ClCompile>
    <ClCompile Include="src\renderer\Vulkan\v_Devices\v_Devices.cpp">
      <Filter>renderer\Vulkan\v_Devices</Filter>
    </ClCompile>
    <ClCompile Include="src\renderer\Vulkan\v_Devices\v_Framebuffer\v_Framebuffer.cpp">
      <Filter>renderer\Vulkan\v_Devices\v_Framebuffer</Filter>
    </ClCompile>
    <ClCompile Include="src\renderer\Vulkan\v_Devices\v_ImageViews\v_ImageViews.cpp">
      <Filter>renderer\Vulkan\v_Devices\v_ImageViews</Filter>
    </ClCompile>
    <ClCompile Include="src\renderer\Vulkan\v_Devices\v_QueueFamilies\v_QueueFamilies.cpp">
      <Filter>renderer\Vulkan\v_Devices\v_QueueFamilies</Filter>
    </ClCompile>
    <ClCompile Include="src\renderer\Vulkan\v_Devices\v_SwapChain\v_SwapChain.cpp">
      <Filter>renderer\Vulkan\v_Devices\v_SwapChain</Filter>
    </ClCompile>
    <ClCompile Include="src\renderer\Vulkan\v_Devices\v_SyncObjects\v_SyncObjects.cpp">
      <Filter>renderer\Vulkan\v_Devices\v_SyncObjects</Filter>
    </ClCompile>
    <ClCompile Include="src\renderer\Vulkan\v_Pipeline\v_Pipeline.cpp">
      <Filter>renderer\Vulkan\v_Pipeline</Filter>
    </ClCompile>
    <ClCompile Include="src\renderer\Vulkan\v_Shaders\v_Shaders.cpp">
      <Filter>renderer\Vulkan\v_Shaders</Filter>
    </ClCompile>
    <ClCompile Include="src\renderer\Vulkan\v_Surface\v_Surface.cpp">
      <Filter>renderer\Vulkan\v_Surface</Filter>
    </ClCompile>
  </ItemGroup>
</Project>